
Microsoft Visual Studio Solution File, Format Version 12.00
# Visual Studio Version 17
VisualStudioVersion = 17.2.32630.192
MinimumVisualStudioVersion = 10.0.40219.1
Project("{FAE04EC0-301F-11D3-BF4B-00C04F79EFBC}") = "LoginWithDb", "LoginWithDb.csproj", "{3696817F-E3DE-4DB2-B4F4-7BE1456B957F}"
EndProject
Global
	GlobalSection(SolutionConfigurationPlatforms) = preSolution
		Debug|Any CPU = Debug|Any CPU
		Release|Any CPU = Release|Any CPU
	EndGlobalSection
	GlobalSection(ProjectConfigurationPlatforms) = postSolution
		{3696817F-E3DE-4DB2-B4F4-7BE1456B957F}.Debug|Any CPU.ActiveCfg = Debug|Any CPU
		{3696817F-E3DE-4DB2-B4F4-7BE1456B957F}.Debug|Any CPU.Build.0 = Debug|Any CPU
		{3696817F-E3DE-4DB2-B4F4-7BE1456B957F}.Release|Any CPU.ActiveCfg = Release|Any CPU
		{3696817F-E3DE-4DB2-B4F4-7BE1456B957F}.Release|Any CPU.Build.0 = Release|Any CPU
	EndGlobalSection
	GlobalSection(SolutionProperties) = preSolution
		HideSolutionNode = FALSE
	EndGlobalSection
	GlobalSection(ExtensibilityGlobals) = postSolution
		SolutionGuid = {1E6E04D3-2599-4396-8B0C-862144B913CD}
	EndGlobalSection
EndGlobal
